
Microsoft Visual Studio Solution File, Format Version 12.00
# Visual Studio Version 16
VisualStudioVersion = 16.0.32407.337
MinimumVisualStudioVersion = 10.0.40219.1
Project("{9A19103F-16F7-4668-BE54-9A1E7A4F7556}") = "ChatWidget", "ChatWidget\ChatWidget.csproj", "{3A40D618-003F-4CBD-A72A-4DB94FCFCC0C}"
EndProject
Project("{9A19103F-16F7-4668-BE54-9A1E7A4F7556}") = "ChatWidget.WebWidget", "ChatWidget.WebWidget\ChatWidget.WebWidget.csproj", "{849CF18F-B44E-4088-9658-0F6400DCB19A}"
EndProject
Project("{9A19103F-16F7-4668-BE54-9A1E7A4F7556}") = "ChatWidget.API", "ChatWidget.API\ChatWidget.API.csproj", "{178E8A2B-ECE7-4C31-B785-1F6EE86C5FFE}"
EndProject
Project("{2150E333-8FDC-42A3-9474-1A3956D46DE8}") = "Core", "Core", "{17013182-3D43-4EEC-BC78-B8F6B2CDA355}"
EndProject
Project("{2150E333-8FDC-42A3-9474-1A3956D46DE8}") = "API", "API", "{8AB3FEFD-DB70-4384-9F42-0B05E951CE2A}"
EndProject
Project("{2150E333-8FDC-42A3-9474-1A3956D46DE8}") = "Plugins", "Plugins", "{44F4D5B5-475E-4706-83E5-B9CC63FAFFD4}"
EndProject
Project("{2150E333-8FDC-42A3-9474-1A3956D46DE8}") = "ChatWidget.API.Channels", "ChatWidget.API.Channels", "{BEB712AE-47D3-4BEA-985D-514EC62FA6E0}"
EndProject
Project("{9A19103F-16F7-4668-BE54-9A1E7A4F7556}") = "ChatWidget.API.Channels.WebChat", "ChatWidget.API.Channels.WebChat\ChatWidget.API.Channels.WebChat.csproj", "{F5F6D4D1-6D10-46D6-939B-223A25D798C3}"
EndProject
Project("{9A19103F-16F7-4668-BE54-9A1E7A4F7556}") = "ChatWidget.API.Channels.WebSocket", "ChatWidget.API.Channels.WebSocket\ChatWidget.API.Channels.WebSocket.csproj", "{DF3B4E89-FA60-4649-8CAF-12060EB634A6}"
EndProject
Project("{9A19103F-16F7-4668-BE54-9A1E7A4F7556}") = "ChatWidget.API.Channels.Telegram", "ChatWidget.API.Channels.Telegram\ChatWidget.API.Channels.Telegram.csproj", "{FD74993F-E47A-477E-842E-1DBD4F01C2AD}"
EndProject
Project("{2150E333-8FDC-42A3-9474-1A3956D46DE8}") = "ChatWidget.API.Agents", "ChatWidget.API.Agents", "{2070435C-FF4A-4D2F-808A-12EC29AB612B}"
EndProject
Project("{9A19103F-16F7-4668-BE54-9A1E7A4F7556}") = "ChatWidget.API.Agents.HumanAgent", "ChatWidget.API.Agents.HumanAgent\ChatWidget.API.Agents.HumanAgent.csproj", "{FFEB9A7E-93B4-4F2B-AA1D-6C6D43609482}"
EndProject
Project("{9A19103F-16F7-4668-BE54-9A1E7A4F7556}") = "ChatWidget.API.Agents.MyChatBot", "ChatWidget.API.Agents.MyChatBot\ChatWidget.API.Agents.MyChatBot.csproj", "{60CC3CC0-462E-436B-B8BF-6597CAC9783A}"
EndProject
Project("{9A19103F-16F7-4668-BE54-9A1E7A4F7556}") = "ChatWidget.API.Shared", "ChatWidget.API.Shared\ChatWidget.API.Shared.csproj", "{952EB081-8D0A-430A-9808-88AF0CF45806}"
EndProject
Global
	GlobalSection(SolutionConfigurationPlatforms) = preSolution
		Debug|Any CPU = Debug|Any CPU
		Release|Any CPU = Release|Any CPU
	EndGlobalSection
	GlobalSection(ProjectConfigurationPlatforms) = postSolution
		{3A40D618-003F-4CBD-A72A-4DB94FCFCC0C}.Debug|Any CPU.ActiveCfg = Debug|Any CPU
		{3A40D618-003F-4CBD-A72A-4DB94FCFCC0C}.Debug|Any CPU.Build.0 = Debug|Any CPU
		{3A40D618-003F-4CBD-A72A-4DB94FCFCC0C}.Release|Any CPU.ActiveCfg = Release|Any CPU
		{3A40D618-003F-4CBD-A72A-4DB94FCFCC0C}.Release|Any CPU.Build.0 = Release|Any CPU
		{849CF18F-B44E-4088-9658-0F6400DCB19A}.Debug|Any CPU.ActiveCfg = Debug|Any CPU
		{849CF18F-B44E-4088-9658-0F6400DCB19A}.Debug|Any CPU.Build.0 = Debug|Any CPU
		{849CF18F-B44E-4088-9658-0F6400DCB19A}.Release|Any CPU.ActiveCfg = Release|Any CPU
		{849CF18F-B44E-4088-9658-0F6400DCB19A}.Release|Any CPU.Build.0 = Release|Any CPU
		{178E8A2B-ECE7-4C31-B785-1F6EE86C5FFE}.Debug|Any CPU.ActiveCfg = Debug|Any CPU
		{178E8A2B-ECE7-4C31-B785-1F6EE86C5FFE}.Debug|Any CPU.Build.0 = Debug|Any CPU
		{178E8A2B-ECE7-4C31-B785-1F6EE86C5FFE}.Release|Any CPU.ActiveCfg = Release|Any CPU
		{178E8A2B-ECE7-4C31-B785-1F6EE86C5FFE}.Release|Any CPU.Build.0 = Release|Any CPU
		{F5F6D4D1-6D10-46D6-939B-223A25D798C3}.Debug|Any CPU.ActiveCfg = Debug|Any CPU
		{F5F6D4D1-6D10-46D6-939B-223A25D798C3}.Debug|Any CPU.Build.0 = Debug|Any CPU
		{F5F6D4D1-6D10-46D6-939B-223A25D798C3}.Release|Any CPU.ActiveCfg = Release|Any CPU
		{F5F6D4D1-6D10-46D6-939B-223A25D798C3}.Release|Any CPU.Build.0 = Release|Any CPU
		{DF3B4E89-FA60-4649-8CAF-12060EB634A6}.Debug|Any CPU.ActiveCfg = Debug|Any CPU
		{DF3B4E89-FA60-4649-8CAF-12060EB634A6}.Debug|Any CPU.Build.0 = Debug|Any CPU
		{DF3B4E89-FA60-4649-8CAF-12060EB634A6}.Release|Any CPU.ActiveCfg = Release|Any CPU
		{DF3B4E89-FA60-4649-8CAF-12060EB634A6}.Release|Any CPU.Build.0 = Release|Any CPU
		{FD74993F-E47A-477E-842E-1DBD4F01C2AD}.Debug|Any CPU.ActiveCfg = Debug|Any CPU
		{FD74993F-E47A-477E-842E-1DBD4F01C2AD}.Debug|Any CPU.Build.0 = Debug|Any CPU
		{FD74993F-E47A-477E-842E-1DBD4F01C2AD}.Release|Any CPU.ActiveCfg = Release|Any CPU
		{FD74993F-E47A-477E-842E-1DBD4F01C2AD}.Release|Any CPU.Build.0 = Release|Any CPU
		{FFEB9A7E-93B4-4F2B-AA1D-6C6D43609482}.Debug|Any CPU.ActiveCfg = Debug|Any CPU
		{FFEB9A7E-93B4-4F2B-AA1D-6C6D43609482}.Debug|Any CPU.Build.0 = Debug|Any CPU
		{FFEB9A7E-93B4-4F2B-AA1D-6C6D43609482}.Release|Any CPU.ActiveCfg = Release|Any CPU
		{FFEB9A7E-93B4-4F2B-AA1D-6C6D43609482}.Release|Any CPU.Build.0 = Release|Any CPU
		{60CC3CC0-462E-436B-B8BF-6597CAC9783A}.Debug|Any CPU.ActiveCfg = Debug|Any CPU
		{60CC3CC0-462E-436B-B8BF-6597CAC9783A}.Debug|Any CPU.Build.0 = Debug|Any CPU
		{60CC3CC0-462E-436B-B8BF-6597CAC9783A}.Release|Any CPU.ActiveCfg = Release|Any CPU
		{60CC3CC0-462E-436B-B8BF-6597CAC9783A}.Release|Any CPU.Build.0 = Release|Any CPU
		{952EB081-8D0A-430A-9808-88AF0CF45806}.Debug|Any CPU.ActiveCfg = Debug|Any CPU
		{952EB081-8D0A-430A-9808-88AF0CF45806}.Debug|Any CPU.Build.0 = Debug|Any CPU
		{952EB081-8D0A-430A-9808-88AF0CF45806}.Release|Any CPU.ActiveCfg = Release|Any CPU
		{952EB081-8D0A-430A-9808-88AF0CF45806}.Release|Any CPU.Build.0 = Release|Any CPU
	EndGlobalSection
	GlobalSection(SolutionProperties) = preSolution
		HideSolutionNode = FALSE
	EndGlobalSection
	GlobalSection(NestedProjects) = preSolution
		{3A40D618-003F-4CBD-A72A-4DB94FCFCC0C} = {17013182-3D43-4EEC-BC78-B8F6B2CDA355}
		{849CF18F-B44E-4088-9658-0F6400DCB19A} = {44F4D5B5-475E-4706-83E5-B9CC63FAFFD4}
		{178E8A2B-ECE7-4C31-B785-1F6EE86C5FFE} = {8AB3FEFD-DB70-4384-9F42-0B05E951CE2A}
		{BEB712AE-47D3-4BEA-985D-514EC62FA6E0} = {8AB3FEFD-DB70-4384-9F42-0B05E951CE2A}
		{F5F6D4D1-6D10-46D6-939B-223A25D798C3} = {BEB712AE-47D3-4BEA-985D-514EC62FA6E0}
		{DF3B4E89-FA60-4649-8CAF-12060EB634A6} = {BEB712AE-47D3-4BEA-985D-514EC62FA6E0}
		{FD74993F-E47A-477E-842E-1DBD4F01C2AD} = {BEB712AE-47D3-4BEA-985D-514EC62FA6E0}
		{2070435C-FF4A-4D2F-808A-12EC29AB612B} = {8AB3FEFD-DB70-4384-9F42-0B05E951CE2A}
		{FFEB9A7E-93B4-4F2B-AA1D-6C6D43609482} = {2070435C-FF4A-4D2F-808A-12EC29AB612B}
		{60CC3CC0-462E-436B-B8BF-6597CAC9783A} = {2070435C-FF4A-4D2F-808A-12EC29AB612B}
		{952EB081-8D0A-430A-9808-88AF0CF45806} = {8AB3FEFD-DB70-4384-9F42-0B05E951CE2A}
	EndGlobalSection
	GlobalSection(ExtensibilityGlobals) = postSolution
		SolutionGuid = {3C742C5F-B457-4BDA-8CD6-5980DFA71DC7}
	EndGlobalSection
EndGlobal
